
Microsoft Visual Studio Solution File, Format Version 12.00
# Visual Studio 2012
Project("{FAE04EC0-301F-11D3-BF4B-00C04F79EFBC}") = "01 DataBinding", "DataBinding\01 DataBinding.csproj", "{C1B801B8-68EC-4691-B664-4359C939C264}"
EndProject
Project("{FAE04EC0-301F-11D3-BF4B-00C04F79EFBC}") = "02 Commanding", "Commanding\02 Commanding.csproj", "{6AFEAAD2-A703-45A6-A611-7EF6DB0AFA31}"
EndProject
Project("{FAE04EC0-301F-11D3-BF4B-00C04F79EFBC}") = "03 Converters", "Converters\03 Converters.csproj", "{181A5BA6-BD77-405D-BBAA-ADE7A12347B9}"
EndProject
Project("{FAE04EC0-301F-11D3-BF4B-00C04F79EFBC}") = "04 Behaviours", "Behaviours\04 Behaviours.csproj", "{3D7ADEC0-A76D-425A-BA89-14517BD5B5CA}"
EndProject
Project("{FAE04EC0-301F-11D3-BF4B-00C04F79EFBC}") = "05 ViewFirstApproach", "ViewFirstApproach\05 ViewFirstApproach.csproj", "{8884D835-EBEA-476A-9449-4B71302F7C18}"
EndProject
Project("{FAE04EC0-301F-11D3-BF4B-00C04F79EFBC}") = "06 TestAbility", "Customers\06 TestAbility.csproj", "{DE2E5745-F998-47BD-984C-035C1A0688AD}"
EndProject
Project("{FAE04EC0-301F-11D3-BF4B-00C04F79EFBC}") = "06 TestAbility.Tests", "Customers.Tests\06 TestAbility.Tests.csproj", "{4D194FD8-0161-4516-B4DE-5EA2224455CB}"
EndProject
Global
	GlobalSection(SolutionConfigurationPlatforms) = preSolution
		Debug|Any CPU = Debug|Any CPU
		Release|Any CPU = Release|Any CPU
	EndGlobalSection
	GlobalSection(ProjectConfigurationPlatforms) = postSolution
		{C1B801B8-68EC-4691-B664-4359C939C264}.Debug|Any CPU.ActiveCfg = Debug|Any CPU
		{C1B801B8-68EC-4691-B664-4359C939C264}.Debug|Any CPU.Build.0 = Debug|Any CPU
		{C1B801B8-68EC-4691-B664-4359C939C264}.Release|Any CPU.ActiveCfg = Release|Any CPU
		{C1B801B8-68EC-4691-B664-4359C939C264}.Release|Any CPU.Build.0 = Release|Any CPU
		{6AFEAAD2-A703-45A6-A611-7EF6DB0AFA31}.Debug|Any CPU.ActiveCfg = Debug|Any CPU
		{6AFEAAD2-A703-45A6-A611-7EF6DB0AFA31}.Debug|Any CPU.Build.0 = Debug|Any CPU
		{6AFEAAD2-A703-45A6-A611-7EF6DB0AFA31}.Release|Any CPU.ActiveCfg = Release|Any CPU
		{6AFEAAD2-A703-45A6-A611-7EF6DB0AFA31}.Release|Any CPU.Build.0 = Release|Any CPU
		{181A5BA6-BD77-405D-BBAA-ADE7A12347B9}.Debug|Any CPU.ActiveCfg = Debug|Any CPU
		{181A5BA6-BD77-405D-BBAA-ADE7A12347B9}.Debug|Any CPU.Build.0 = Debug|Any CPU
		{181A5BA6-BD77-405D-BBAA-ADE7A12347B9}.Release|Any CPU.ActiveCfg = Release|Any CPU
		{181A5BA6-BD77-405D-BBAA-ADE7A12347B9}.Release|Any CPU.Build.0 = Release|Any CPU
		{3D7ADEC0-A76D-425A-BA89-14517BD5B5CA}.Debug|Any CPU.ActiveCfg = Debug|Any CPU
		{3D7ADEC0-A76D-425A-BA89-14517BD5B5CA}.Debug|Any CPU.Build.0 = Debug|Any CPU
		{3D7ADEC0-A76D-425A-BA89-14517BD5B5CA}.Release|Any CPU.ActiveCfg = Release|Any CPU
		{3D7ADEC0-A76D-425A-BA89-14517BD5B5CA}.Release|Any CPU.Build.0 = Release|Any CPU
		{8884D835-EBEA-476A-9449-4B71302F7C18}.Debug|Any CPU.ActiveCfg = Debug|Any CPU
		{8884D835-EBEA-476A-9449-4B71302F7C18}.Debug|Any CPU.Build.0 = Debug|Any CPU
		{8884D835-EBEA-476A-9449-4B71302F7C18}.Release|Any CPU.ActiveCfg = Release|Any CPU
		{8884D835-EBEA-476A-9449-4B71302F7C18}.Release|Any CPU.Build.0 = Release|Any CPU
		{DE2E5745-F998-47BD-984C-035C1A0688AD}.Debug|Any CPU.ActiveCfg = Debug|Any CPU
		{DE2E5745-F998-47BD-984C-035C1A0688AD}.Debug|Any CPU.Build.0 = Debug|Any CPU
		{DE2E5745-F998-47BD-984C-035C1A0688AD}.Release|Any CPU.ActiveCfg = Release|Any CPU
		{DE2E5745-F998-47BD-984C-035C1A0688AD}.Release|Any CPU.Build.0 = Release|Any CPU
		{4D194FD8-0161-4516-B4DE-5EA2224455CB}.Debug|Any CPU.ActiveCfg = Debug|Any CPU
		{4D194FD8-0161-4516-B4DE-5EA2224455CB}.Debug|Any CPU.Build.0 = Debug|Any CPU
		{4D194FD8-0161-4516-B4DE-5EA2224455CB}.Release|Any CPU.ActiveCfg = Release|Any CPU
		{4D194FD8-0161-4516-B4DE-5EA2224455CB}.Release|Any CPU.Build.0 = Release|Any CPU
	EndGlobalSection
	GlobalSection(SolutionProperties) = preSolution
		HideSolutionNode = FALSE
	EndGlobalSection
EndGlobal
